// !$*UTF8*$!
{
	archiveVersion = 1;
	classes = {
	};
	objectVersion = 56;
	objects = {

/* Begin PBXBuildFile section */
		DB988CD82B2DBC3B0037586C /* RemotePushExampleApp.swift in Sources */ = {isa = PBXBuildFile; fileRef = DB988CD72B2DBC3B0037586C /* RemotePushExampleApp.swift */; };
		DB988CDA2B2DBC3B0037586C /* ContentView.swift in Sources */ = {isa = PBXBuildFile; fileRef = DB988CD92B2DBC3B0037586C /* ContentView.swift */; };
		DB988CDC2B2DBC3C0037586C /* Assets.xcassets in Resources */ = {isa = PBXBuildFile; fileRef = DB988CDB2B2DBC3C0037586C /* Assets.xcassets */; };
		DB988CE02B2DBC3C0037586C /* Preview Assets.xcassets in Resources */ = {isa = PBXBuildFile; fileRef = DB988CDF2B2DBC3C0037586C /* Preview Assets.xcassets */; };
		DB988CE82B2DF3670037586C /* FirebaseMessaging in Frameworks */ = {isa = PBXBuildFile; productRef = DB988CE72B2DF3670037586C /* FirebaseMessaging */; };
		DB988CF12B2DF60B0037586C /* GoogleService-Info.plist in Resources */ = {isa = PBXBuildFile; fileRef = DB988CF02B2DF60B0037586C /* GoogleService-Info.plist */; };
		DB988CF32B2DFB200037586C /* AppDelegate-macOS.swift in Sources */ = {isa = PBXBuildFile; fileRef = DB988CF22B2DFB200037586C /* AppDelegate-macOS.swift */; };
		DB988CF52B2DFB9B0037586C /* NotificationPoster.swift in Sources */ = {isa = PBXBuildFile; fileRef = DB988CF42B2DFB9B0037586C /* NotificationPoster.swift */; };
		DBEA38E22B2FBEEF0016A10D /* AppDelegate-iOS.swift in Sources */ = {isa = PBXBuildFile; fileRef = DBEA38E12B2FBEEF0016A10D /* AppDelegate-iOS.swift */; };
/* End PBXBuildFile section */

/* Begin PBXFileReference section */
		DB988CD42B2DBC3B0037586C /* RemotePushExample.app */ = {isa = PBXFileReference; explicitFileType = wrapper.application; includeInIndex = 0; path = RemotePushExample.app; sourceTree = BUILT_PRODUCTS_DIR; };
		DB988CD72B2DBC3B0037586C /* RemotePushExampleApp.swift */ = {isa = PBXFileReference; lastKnownFileType = sourcecode.swift; path = RemotePushExampleApp.swift; sourceTree = "<group>"; };
		DB988CD92B2DBC3B0037586C /* ContentView.swift */ = {isa = PBXFileReference; lastKnownFileType = sourcecode.swift; path = ContentView.swift; sourceTree = "<group>"; };
		DB988CDB2B2DBC3C0037586C /* Assets.xcassets */ = {isa = PBXFileReference; lastKnownFileType = folder.assetcatalog; path = Assets.xcassets; sourceTree = "<group>"; };
		DB988CDD2B2DBC3C0037586C /* RemotePushExample.entitlements */ = {isa = PBXFileReference; lastKnownFileType = text.plist.entitlements; path = RemotePushExample.entitlements; sourceTree = "<group>"; };
		DB988CDF2B2DBC3C0037586C /* Preview Assets.xcassets */ = {isa = PBXFileReference; lastKnownFileType = folder.assetcatalog; path = "Preview Assets.xcassets"; sourceTree = "<group>"; };
		DB988CED2B2DF53D0037586C /* Info.plist */ = {isa = PBXFileReference; lastKnownFileType = text.plist; path = Info.plist; sourceTree = "<group>"; };
		DB988CF02B2DF60B0037586C /* GoogleService-Info.plist */ = {isa = PBXFileReference; lastKnownFileType = text.plist; path = "GoogleService-Info.plist"; sourceTree = SOURCE_ROOT; };
		DB988CF22B2DFB200037586C /* AppDelegate-macOS.swift */ = {isa = PBXFileReference; lastKnownFileType = sourcecode.swift; path = "AppDelegate-macOS.swift"; sourceTree = "<group>"; };
		DB988CF42B2DFB9B0037586C /* NotificationPoster.swift */ = {isa = PBXFileReference; lastKnownFileType = sourcecode.swift; path = NotificationPoster.swift; sourceTree = "<group>"; };
		DBEA38E12B2FBEEF0016A10D /* AppDelegate-iOS.swift */ = {isa = PBXFileReference; lastKnownFileType = sourcecode.swift; path = "AppDelegate-iOS.swift"; sourceTree = "<group>"; };
/* End PBXFileReference section */

/* Begin PBXFrameworksBuildPhase section */
		DB988CD12B2DBC3B0037586C /* Frameworks */ = {
			isa = PBXFrameworksBuildPhase;
			buildActionMask = 2147483647;
			files = (
				DB988CE82B2DF3670037586C /* FirebaseMessaging in Frameworks */,
			);
			runOnlyForDeploymentPostprocessing = 0;
		};
/* End PBXFrameworksBuildPhase section */

/* Begin PBXGroup section */
		DB988CCB2B2DBC3B0037586C = {
			isa = PBXGroup;
			children = (
				DB988CD62B2DBC3B0037586C /* RemotePushExample */,
				DB988CD52B2DBC3B0037586C /* Products */,
			);
			sourceTree = "<group>";
		};
		DB988CD52B2DBC3B0037586C /* Products */ = {
			isa = PBXGroup;
			children = (
				DB988CD42B2DBC3B0037586C /* RemotePushExample.app */,
			);
			name = Products;
			sourceTree = "<group>";
		};
		DB988CD62B2DBC3B0037586C /* RemotePushExample */ = {
			isa = PBXGroup;
			children = (
				DB988CF02B2DF60B0037586C /* GoogleService-Info.plist */,
				DB988CED2B2DF53D0037586C /* Info.plist */,
				DB988CDD2B2DBC3C0037586C /* RemotePushExample.entitlements */,
				DB988CD72B2DBC3B0037586C /* RemotePushExampleApp.swift */,
				DBEA38E12B2FBEEF0016A10D /* AppDelegate-iOS.swift */,
				DB988CF22B2DFB200037586C /* AppDelegate-macOS.swift */,
				DB988CD92B2DBC3B0037586C /* ContentView.swift */,
				DB988CF42B2DFB9B0037586C /* NotificationPoster.swift */,
				DB988CDB2B2DBC3C0037586C /* Assets.xcassets */,
				DB988CDE2B2DBC3C0037586C /* Preview Content */,
			);
			path = RemotePushExample;
			sourceTree = "<group>";
		};
		DB988CDE2B2DBC3C0037586C /* Preview Content */ = {
			isa = PBXGroup;
			children = (
				DB988CDF2B2DBC3C0037586C /* Preview Assets.xcassets */,
			);
			path = "Preview Content";
			sourceTree = "<group>";
		};
/* End PBXGroup section */

/* Begin PBXNativeTarget section */
		DB988CD32B2DBC3B0037586C /* RemotePushExample */ = {
			isa = PBXNativeTarget;
			buildConfigurationList = DB988CE32B2DBC3C0037586C /* Build configuration list for PBXNativeTarget "RemotePushExample" */;
			buildPhases = (
				DB988CD02B2DBC3B0037586C /* Sources */,
				DB988CD12B2DBC3B0037586C /* Frameworks */,
				DB988CD22B2DBC3B0037586C /* Resources */,
			);
			buildRules = (
			);
			dependencies = (
			);
			name = RemotePushExample;
			packageProductDependencies = (
				DB988CE72B2DF3670037586C /* FirebaseMessaging */,
			);
			productName = RemotePushExample;
			productReference = DB988CD42B2DBC3B0037586C /* RemotePushExample.app */;
			productType = "com.apple.product-type.application";
		};
/* End PBXNativeTarget section */

/* Begin PBXProject section */
		DB988CCC2B2DBC3B0037586C /* Project object */ = {
			isa = PBXProject;
			attributes = {
				BuildIndependentTargetsInParallel = 1;
				LastSwiftUpdateCheck = 1500;
				LastUpgradeCheck = 1500;
				TargetAttributes = {
					DB988CD32B2DBC3B0037586C = {
						CreatedOnToolsVersion = 15.0.1;
					};
				};
			};
			buildConfigurationList = DB988CCF2B2DBC3B0037586C /* Build configuration list for PBXProject "RemotePushExample" */;
			compatibilityVersion = "Xcode 14.0";
			developmentRegion = en;
			hasScannedForEncodings = 0;
			knownRegions = (
				en,
				Base,
			);
			mainGroup = DB988CCB2B2DBC3B0037586C;
			packageReferences = (
				DB988CE62B2DF3670037586C /* XCRemoteSwiftPackageReference "firebase-ios-sdk" */,
			);
			productRefGroup = DB988CD52B2DBC3B0037586C /* Products */;
			projectDirPath = "";
			projectRoot = "";
			targets = (
				DB988CD32B2DBC3B0037586C /* RemotePushExample */,
			);
		};
/* End PBXProject section */

/* Begin PBXResourcesBuildPhase section */
		DB988CD22B2DBC3B0037586C /* Resources */ = {
			isa = PBXResourcesBuildPhase;
			buildActionMask = 2147483647;
			files = (
				DB988CE02B2DBC3C0037586C /* Preview Assets.xcassets in Resources */,
				DB988CDC2B2DBC3C0037586C /* Assets.xcassets in Resources */,
				DB988CF12B2DF60B0037586C /* GoogleService-Info.plist in Resources */,
			);
			runOnlyForDeploymentPostprocessing = 0;
		};
/* End PBXResourcesBuildPhase section */

/* Begin PBXSourcesBuildPhase section */
		DB988CD02B2DBC3B0037586C /* Sources */ = {
			isa = PBXSourcesBuildPhase;
			buildActionMask = 2147483647;
			files = (
				DB988CF32B2DFB200037586C /* AppDelegate-macOS.swift in Sources */,
				DB988CF52B2DFB9B0037586C /* NotificationPoster.swift in Sources */,
				DBEA38E22B2FBEEF0016A10D /* AppDelegate-iOS.swift in Sources */,
				DB988CDA2B2DBC3B0037586C /* ContentView.swift in Sources */,
				DB988CD82B2DBC3B0037586C /* RemotePushExampleApp.swift in Sources */,
			);
			runOnlyForDeploymentPostprocessing = 0;
		};
/* End PBXSourcesBuildPhase section */

/* Begin XCBuildConfiguration section */
		DB988CE12B2DBC3C0037586C /* Debug */ = {
			isa = XCBuildConfiguration;
			buildSettings = {
				ALWAYS_SEARCH_USER_PATHS = NO;
				ASSETCATALOG_COMPILER_GENERATE_SWIFT_ASSET_SYMBOL_EXTENSIONS = YES;
				CLANG_ANALYZER_NONNULL = YES;
				CLANG_ANALYZER_NUMBER_OBJECT_CONVERSION = YES_AGGRESSIVE;
				CLANG_CXX_LANGUAGE_STANDARD = "gnu++20";
				CLANG_ENABLE_MODULES = YES;
				CLANG_ENABLE_OBJC_ARC = YES;
				CLANG_ENABLE_OBJC_WEAK = YES;
				CLANG_WARN_BLOCK_CAPTURE_AUTORELEASING = YES;
				CLANG_WARN_BOOL_CONVERSION = YES;
				CLANG_WARN_COMMA = YES;
				CLANG_WARN_CONSTANT_CONVERSION = YES;
				CLANG_WARN_DEPRECATED_OBJC_IMPLEMENTATIONS = YES;
				CLANG_WARN_DIRECT_OBJC_ISA_USAGE = YES_ERROR;
				CLANG_WARN_DOCUMENTATION_COMMENTS = YES;
				CLANG_WARN_EMPTY_BODY = YES;
				CLANG_WARN_ENUM_CONVERSION = YES;
				CLANG_WARN_INFINITE_RECURSION = YES;
				CLANG_WARN_INT_CONVERSION = YES;
				CLANG_WARN_NON_LITERAL_NULL_CONVERSION = YES;
				CLANG_WARN_OBJC_IMPLICIT_RETAIN_SELF = YES;
				CLANG_WARN_OBJC_LITERAL_CONVERSION = YES;
				CLANG_WARN_OBJC_ROOT_CLASS = YES_ERROR;
				CLANG_WARN_QUOTED_INCLUDE_IN_FRAMEWORK_HEADER = YES;
				CLANG_WARN_RANGE_LOOP_ANALYSIS = YES;
				CLANG_WARN_STRICT_PROTOTYPES = YES;
				CLANG_WARN_SUSPICIOUS_MOVE = YES;
				CLANG_WARN_UNGUARDED_AVAILABILITY = YES_AGGRESSIVE;
				CLANG_WARN_UNREACHABLE_CODE = YES;
				CLANG_WARN__DUPLICATE_METHOD_MATCH = YES;
				COPY_PHASE_STRIP = NO;
				DEBUG_INFORMATION_FORMAT = dwarf;
				ENABLE_STRICT_OBJC_MSGSEND = YES;
				ENABLE_TESTABILITY = YES;
				ENABLE_USER_SCRIPT_SANDBOXING = YES;
				GCC_C_LANGUAGE_STANDARD = gnu17;
				GCC_DYNAMIC_NO_PIC = NO;
				GCC_NO_COMMON_BLOCKS = YES;
				GCC_OPTIMIZATION_LEVEL = 0;
				GCC_PREPROCESSOR_DEFINITIONS = (
					"DEBUG=1",
					"$(inherited)",
				);
				GCC_WARN_64_TO_32_BIT_CONVERSION = YES;
				GCC_WARN_ABOUT_RETURN_TYPE = YES_ERROR;
				GCC_WARN_UNDECLARED_SELECTOR = YES;
				GCC_WARN_UNINITIALIZED_AUTOS = YES_AGGRESSIVE;
				GCC_WARN_UNUSED_FUNCTION = YES;
				GCC_WARN_UNUSED_VARIABLE = YES;
				IPHONEOS_DEPLOYMENT_TARGET = 16.0;
				LOCALIZATION_PREFERS_STRING_CATALOGS = YES;
				MACOSX_DEPLOYMENT_TARGET = 13.0;
				MTL_ENABLE_DEBUG_INFO = INCLUDE_SOURCE;
				MTL_FAST_MATH = YES;
				ONLY_ACTIVE_ARCH = YES;
				SWIFT_ACTIVE_COMPILATION_CONDITIONS = "DEBUG $(inherited)";
				SWIFT_OPTIMIZATION_LEVEL = "-Onone";
			};
			name = Debug;
		};
		DB988CE22B2DBC3C0037586C /* Release */ = {
			isa = XCBuildConfiguration;
			buildSettings = {
				ALWAYS_SEARCH_USER_PATHS = NO;
				ASSETCATALOG_COMPILER_GENERATE_SWIFT_ASSET_SYMBOL_EXTENSIONS = YES;
				CLANG_ANALYZER_NONNULL = YES;
				CLANG_ANALYZER_NUMBER_OBJECT_CONVERSION = YES_AGGRESSIVE;
				CLANG_CXX_LANGUAGE_STANDARD = "gnu++20";
				CLANG_ENABLE_MODULES = YES;
				CLANG_ENABLE_OBJC_ARC = YES;
				CLANG_ENABLE_OBJC_WEAK = YES;
				CLANG_WARN_BLOCK_CAPTURE_AUTORELEASING = YES;
				CLANG_WARN_BOOL_CONVERSION = YES;
				CLANG_WARN_COMMA = YES;
				CLANG_WARN_CONSTANT_CONVERSION = YES;
				CLANG_WARN_DEPRECATED_OBJC_IMPLEMENTATIONS = YES;
				CLANG_WARN_DIRECT_OBJC_ISA_USAGE = YES_ERROR;
				CLANG_WARN_DOCUMENTATION_COMMENTS = YES;
				CLANG_WARN_EMPTY_BODY = YES;
				CLANG_WARN_ENUM_CONVERSION = YES;
				CLANG_WARN_INFINITE_RECURSION = YES;
				CLANG_WARN_INT_CONVERSION = YES;
				CLANG_WARN_NON_LITERAL_NULL_CONVERSION = YES;
				CLANG_WARN_OBJC_IMPLICIT_RETAIN_SELF = YES;
				CLANG_WARN_OBJC_LITERAL_CONVERSION = YES;
				CLANG_WARN_OBJC_ROOT_CLASS = YES_ERROR;
				CLANG_WARN_QUOTED_INCLUDE_IN_FRAMEWORK_HEADER = YES;
				CLANG_WARN_RANGE_LOOP_ANALYSIS = YES;
				CLANG_WARN_STRICT_PROTOTYPES = YES;
				CLANG_WARN_SUSPICIOUS_MOVE = YES;
				CLANG_WARN_UNGUARDED_AVAILABILITY = YES_AGGRESSIVE;
				CLANG_WARN_UNREACHABLE_CODE = YES;
				CLANG_WARN__DUPLICATE_METHOD_MATCH = YES;
				COPY_PHASE_STRIP = NO;
				DEBUG_INFORMATION_FORMAT = "dwarf-with-dsym";
				ENABLE_NS_ASSERTIONS = NO;
				ENABLE_STRICT_OBJC_MSGSEND = YES;
				ENABLE_USER_SCRIPT_SANDBOXING = YES;
				GCC_C_LANGUAGE_STANDARD = gnu17;
				GCC_NO_COMMON_BLOCKS = YES;
				GCC_WARN_64_TO_32_BIT_CONVERSION = YES;
				GCC_WARN_ABOUT_RETURN_TYPE = YES_ERROR;
				GCC_WARN_UNDECLARED_SELECTOR = YES;
				GCC_WARN_UNINITIALIZED_AUTOS = YES_AGGRESSIVE;
				GCC_WARN_UNUSED_FUNCTION = YES;
				GCC_WARN_UNUSED_VARIABLE = YES;
				IPHONEOS_DEPLOYMENT_TARGET = 16.0;
				LOCALIZATION_PREFERS_STRING_CATALOGS = YES;
				MACOSX_DEPLOYMENT_TARGET = 13.0;
				MTL_ENABLE_DEBUG_INFO = NO;
				MTL_FAST_MATH = YES;
				SWIFT_COMPILATION_MODE = wholemodule;
			};
			name = Release;
		};
		DB988CE42B2DBC3C0037586C /* Debug */ = {
			isa = XCBuildConfiguration;
			buildSettings = {
				ASSETCATALOG_COMPILER_APPICON_NAME = AppIcon;
				ASSETCATALOG_COMPILER_GLOBAL_ACCENT_COLOR_NAME = AccentColor;
				CODE_SIGN_ENTITLEMENTS = RemotePushExample/RemotePushExample.entitlements;
				CODE_SIGN_STYLE = Automatic;
				CURRENT_PROJECT_VERSION = 1;
				DEVELOPMENT_ASSET_PATHS = "\"RemotePushExample/Preview Content\"";
				DEVELOPMENT_TEAM = AWR77X8V5R;
				ENABLE_HARDENED_RUNTIME = YES;
				ENABLE_PREVIEWS = YES;
				GENERATE_INFOPLIST_FILE = YES;
				INFOPLIST_FILE = RemotePushExample/Info.plist;
				"INFOPLIST_KEY_UIApplicationSceneManifest_Generation[sdk=iphoneos*]" = YES;
				"INFOPLIST_KEY_UIApplicationSceneManifest_Generation[sdk=iphonesimulator*]" = YES;
				"INFOPLIST_KEY_UIApplicationSupportsIndirectInputEvents[sdk=iphoneos*]" = YES;
				"INFOPLIST_KEY_UIApplicationSupportsIndirectInputEvents[sdk=iphonesimulator*]" = YES;
				"INFOPLIST_KEY_UILaunchScreen_Generation[sdk=iphoneos*]" = YES;
				"INFOPLIST_KEY_UILaunchScreen_Generation[sdk=iphonesimulator*]" = YES;
				"INFOPLIST_KEY_UIStatusBarStyle[sdk=iphoneos*]" = UIStatusBarStyleDefault;
				"INFOPLIST_KEY_UIStatusBarStyle[sdk=iphonesimulator*]" = UIStatusBarStyleDefault;
				INFOPLIST_KEY_UISupportedInterfaceOrientations = UIInterfaceOrientationPortrait;
				INFOPLIST_KEY_UISupportedInterfaceOrientations_iPad = "UIInterfaceOrientationLandscapeLeft UIInterfaceOrientationLandscapeRight UIInterfaceOrientationPortrait UIInterfaceOrientationPortraitUpsideDown";
				IPHONEOS_DEPLOYMENT_TARGET = 16.0;
				LD_RUNPATH_SEARCH_PATHS = "@executable_path/Frameworks";
				"LD_RUNPATH_SEARCH_PATHS[sdk=macosx*]" = "@executable_path/../Frameworks";
				MACOSX_DEPLOYMENT_TARGET = 13.0;
				MARKETING_VERSION = 1.0;
				PRODUCT_BUNDLE_IDENTIFIER = com.chmun.RemotePushExample;
				PRODUCT_NAME = "$(TARGET_NAME)";
				SDKROOT = auto;
				SUPPORTED_PLATFORMS = "iphoneos iphonesimulator macosx";
				SUPPORTS_MACCATALYST = NO;
				SWIFT_EMIT_LOC_STRINGS = YES;
				SWIFT_VERSION = 5.0;
				TARGETED_DEVICE_FAMILY = 1;
			};
			name = Debug;
		};
		DB988CE52B2DBC3C0037586C /* Release */ = {
			isa = XCBuildConfiguration;
			buildSettings = {
				ASSETCATALOG_COMPILER_APPICON_NAME = AppIcon;
				ASSETCATALOG_COMPILER_GLOBAL_ACCENT_COLOR_NAME = AccentColor;
				CODE_SIGN_ENTITLEMENTS = RemotePushExample/RemotePushExample.entitlements;
				CODE_SIGN_STYLE = Automatic;
				CURRENT_PROJECT_VERSION = 1;
				DEVELOPMENT_ASSET_PATHS = "\"RemotePushExample/Preview Content\"";
				DEVELOPMENT_TEAM = AWR77X8V5R;
				ENABLE_HARDENED_RUNTIME = YES;
				ENABLE_PREVIEWS = YES;
				GENERATE_INFOPLIST_FILE = YES;
				INFOPLIST_FILE = RemotePushExample/Info.plist;
				"INFOPLIST_KEY_UIApplicationSceneManifest_Generation[sdk=iphoneos*]" = YES;
				"INFOPLIST_KEY_UIApplicationSceneManifest_Generation[sdk=iphonesimulator*]" = YES;
				"INFOPLIST_KEY_UIApplicationSupportsIndirectInputEvents[sdk=iphoneos*]" = YES;
				"INFOPLIST_KEY_UIApplicationSupportsIndirectInputEvents[sdk=iphonesimulator*]" = YES;
				"INFOPLIST_KEY_UILaunchScreen_Generation[sdk=iphoneos*]" = YES;
				"INFOPLIST_KEY_UILaunchScreen_Generation[sdk=iphonesimulator*]" = YES;
				"INFOPLIST_KEY_UIStatusBarStyle[sdk=iphoneos*]" = UIStatusBarStyleDefault;
				"INFOPLIST_KEY_UIStatusBarStyle[sdk=iphonesimulator*]" = UIStatusBarStyleDefault;
				INFOPLIST_KEY_UISupportedInterfaceOrientations = UIInterfaceOrientationPortrait;
				INFOPLIST_KEY_UISupportedInterfaceOrientations_iPad = "UIInterfaceOrientationLandscapeLeft UIInterfaceOrientationLandscapeRight UIInterfaceOrientationPortrait UIInterfaceOrientationPortraitUpsideDown";
				IPHONEOS_DEPLOYMENT_TARGET = 16.0;
				LD_RUNPATH_SEARCH_PATHS = "@executable_path/Frameworks";
				"LD_RUNPATH_SEARCH_PATHS[sdk=macosx*]" = "@executable_path/../Frameworks";
				MACOSX_DEPLOYMENT_TARGET = 13.0;
				MARKETING_VERSION = 1.0;
				PRODUCT_BUNDLE_IDENTIFIER = com.chmun.RemotePushExample;
				PRODUCT_NAME = "$(TARGET_NAME)";
				SDKROOT = auto;
				SUPPORTED_PLATFORMS = "iphoneos iphonesimulator macosx";
				SUPPORTS_MACCATALYST = NO;
				SWIFT_EMIT_LOC_STRINGS = YES;
				SWIFT_VERSION = 5.0;
				TARGETED_DEVICE_FAMILY = 1;
			};
			name = Release;
		};
/* End XCBuildConfiguration section */

/* Begin XCConfigurationList section */
		DB988CCF2B2DBC3B0037586C /* Build configuration list for PBXProject "RemotePushExample" */ = {
			isa = XCConfigurationList;
			buildConfigurations = (
				DB988CE12B2DBC3C0037586C /* Debug */,
				DB988CE22B2DBC3C0037586C /* Release */,
			);
			defaultConfigurationIsVisible = 0;
			defaultConfigurationName = Release;
		};
		DB988CE32B2DBC3C0037586C /* Build configuration list for PBXNativeTarget "RemotePushExample" */ = {
			isa = XCConfigurationList;
			buildConfigurations = (
				DB988CE42B2DBC3C0037586C /* Debug */,
				DB988CE52B2DBC3C0037586C /* Release */,
			);
			defaultConfigurationIsVisible = 0;
			defaultConfigurationName = Release;
		};
/* End XCConfigurationList section */

/* Begin XCRemoteSwiftPackageReference section */
		DB988CE62B2DF3670037586C /* XCRemoteSwiftPackageReference "firebase-ios-sdk" */ = {
			isa = XCRemoteSwiftPackageReference;
			repositoryURL = "https://github.com/firebase/firebase-ios-sdk.git";
			requirement = {
				kind = upToNextMajorVersion;
				minimumVersion = 10.19.1;
			};
		};
/* End XCRemoteSwiftPackageReference section */

/* Begin XCSwiftPackageProductDependency section */
		DB988CE72B2DF3670037586C /* FirebaseMessaging */ = {
			isa = XCSwiftPackageProductDependency;
			package = DB988CE62B2DF3670037586C /* XCRemoteSwiftPackageReference "firebase-ios-sdk" */;
			productName = FirebaseMessaging;
		};
/* End XCSwiftPackageProductDependency section */
	};
	rootObject = DB988CCC2B2DBC3B0037586C /* Project object */;
}
